
Microsoft Visual Studio Solution File, Format Version 12.00
# Visual Studio Version 16
VisualStudioVersion = 16.0.29102.190
MinimumVisualStudioVersion = 10.0.40219.1
Project("{8BC9CEB8-8B4A-11D0-8D11-00A0C91BC942}") = "LearnOpenGL", "LearnOpenGL\LearnOpenGL.vcxproj", "{861F65AA-CB7A-43B9-B0DE-66B742B04605}"
EndProject
Project("{8BC9CEB8-8B4A-11D0-8D11-00A0C91BC942}") = "Test", "Test\Test.vcxproj", "{F567A198-42A3-4DE6-A325-437A49FD5489}"
EndProject
Global
	GlobalSection(SolutionConfigurationPlatforms) = preSolution
		Debug|x64 = Debug|x64
		Debug|x86 = Debug|x86
		Release|x64 = Release|x64
		Release|x86 = Release|x86
	EndGlobalSection
	GlobalSection(ProjectConfigurationPlatforms) = postSolution
		{861F65AA-CB7A-43B9-B0DE-66B742B04605}.Debug|x64.ActiveCfg = Debug|x64
		{861F65AA-CB7A-43B9-B0DE-66B742B04605}.Debug|x64.Build.0 = Debug|x64
		{861F65AA-CB7A-43B9-B0DE-66B742B04605}.Debug|x86.ActiveCfg = Debug|Win32
		{861F65AA-CB7A-43B9-B0DE-66B742B04605}.Debug|x86.Build.0 = Debug|Win32
		{861F65AA-CB7A-43B9-B0DE-66B742B04605}.Release|x64.ActiveCfg = Release|x64
		{861F65AA-CB7A-43B9-B0DE-66B742B04605}.Release|x64.Build.0 = Release|x64
		{861F65AA-CB7A-43B9-B0DE-66B742B04605}.Release|x86.ActiveCfg = Release|Win32
		{861F65AA-CB7A-43B9-B0DE-66B742B04605}.Release|x86.Build.0 = Release|Win32
		{F567A198-42A3-4DE6-A325-437A49FD5489}.Debug|x64.ActiveCfg = Debug|x64
		{F567A198-42A3-4DE6-A325-437A49FD5489}.Debug|x64.Build.0 = Debug|x64
		{F567A198-42A3-4DE6-A325-437A49FD5489}.Debug|x86.ActiveCfg = Debug|Win32
		{F567A198-42A3-4DE6-A325-437A49FD5489}.Debug|x86.Build.0 = Debug|Win32
		{F567A198-42A3-4DE6-A325-437A49FD5489}.Release|x64.ActiveCfg = Release|x64
		{F567A198-42A3-4DE6-A325-437A49FD5489}.Release|x64.Build.0 = Release|x64
		{F567A198-42A3-4DE6-A325-437A49FD5489}.Release|x86.ActiveCfg = Release|Win32
		{F567A198-42A3-4DE6-A325-437A49FD5489}.Release|x86.Build.0 = Release|Win32
	EndGlobalSection
	GlobalSection(SolutionProperties) = preSolution
		HideSolutionNode = FALSE
	EndGlobalSection
	GlobalSection(ExtensibilityGlobals) = postSolution
		SolutionGuid = {B2527E1D-69BD-4E43-81C3-17E7AFAF490C}
	EndGlobalSection
EndGlobal
