<?xml version="1.0" encoding="utf-8"?>
<Project ToolsVersion="4.0" xmlns="http://schemas.microsoft.com/developer/msbuild/2003">
  <ItemGroup>
    <Filter Include="shaders">
      <UniqueIdentifier>{96b85e85-c506-465c-a08c-e68af7655a2f}</UniqueIdentifier>
    </Filter>
    <Filter Include="resources">
      <UniqueIdentifier>{67DA6AB6-F800-4c08-8B7A-83BB121AAD01}</UniqueIdentifier>
      <Extensions>rc;ico;cur;bmp;dlg;rc2;rct;bin;rgs;gif;jpg;jpeg;jpe;resx;tiff;tif;png;wav;mfcribbon-ms</Extensions>
    </Filter>
    <Filter Include="resources\texture">
      <UniqueIdentifier>{09ae16b3-51c9-4c41-9fa8-2aafc3bdd7f6}</UniqueIdentifier>
    </Filter>
    <Filter Include="src">
      <UniqueIdentifier>{4FC737F1-C7A5-4376-A066-2A32D752A2FF}</UniqueIdentifier>
      <Extensions>cpp;c;cc;cxx;def;odl;idl;hpj;bat;asm;asmx</Extensions>
    </Filter>
    <Filter Include="src\lib">
      <UniqueIdentifier>{6f7a7ce1-1ba6-4b69-ae7a-e6d32fdef69b}</UniqueIdentifier>
    </Filter>
    <Filter Include="src\common">
      <UniqueIdentifier>{50d9b6b1-eaf2-4a3c-a6ee-6fbeeca1f0fd}</UniqueIdentifier>
    </Filter>
    <Filter Include="src\graphic">
      <UniqueIdentifier>{c4104ca8-3f7e-4462-a758-1f0d511a9e52}</UniqueIdentifier>
    </Filter>
    <Filter Include="src\lib\glm">
      <UniqueIdentifier>{b14a1acb-b6db-4184-986e-a2ab65ba732d}</UniqueIdentifier>
    </Filter>
    <Filter Include="resources\model">
      <UniqueIdentifier>{00b85b47-a7cf-45fa-8c6e-783e5ccbee1c}</UniqueIdentifier>
    </Filter>
    <Filter Include="src\lib\assimp">
      <UniqueIdentifier>{f3d37c81-b5d9-4ab4-a7d5-9a08757c8c90}</UniqueIdentifier>
    </Filter>
  </ItemGroup>
  <ItemGroup>
    <ClCompile Include="main.cpp">
      <Filter>src</Filter>
    </ClCompile>
    <ClCompile Include="third_part\src\glad.c">
      <Filter>src\lib</Filter>
    </ClCompile>
    <ClCompile Include="graphic\Shader.cpp">
      <Filter>src\graphic</Filter>
    </ClCompile>
    <ClCompile Include="commons\Time.cpp">
      <Filter>src\common</Filter>
    </ClCompile>
    <ClCompile Include="commons\CommonUtils.cpp">
      <Filter>src\common</Filter>
    </ClCompile>
    <ClCompile Include="graphic\Texture.cpp">
      <Filter>src\graphic</Filter>
    </ClCompile>
    <ClCompile Include="third_part\include\glm\detail\glm.cpp">
      <Filter>src\lib\glm</Filter>
    </ClCompile>
    <ClCompile Include="commons\Debug.cpp">
      <Filter>src\common</Filter>
    </ClCompile>
    <ClCompile Include="commons\Camera.cpp">
      <Filter>src\common</Filter>
    </ClCompile>
    <ClCompile Include="commons\Mesh.cpp">
      <Filter>src\common</Filter>
    </ClCompile>
    <ClCompile Include="commons\Node.cpp">
      <Filter>src\common</Filter>
    </ClCompile>
    <ClCompile Include="commons\Model.cpp">
      <Filter>src\common</Filter>
    </ClCompile>
    <ClCompile Include="commons\PrimitiveModel.cpp">
      <Filter>src\common</Filter>
    </ClCompile>
  </ItemGroup>
  <ItemGroup>
    <None Include="shaders\triangle.frag">
      <Filter>shaders</Filter>
    </None>
    <None Include="shaders\triangle.vert">
      <Filter>shaders</Filter>
    </None>
    <None Include="third_part\include\glm\detail\func_common.inl">
      <Filter>src\lib\glm</Filter>
    </None>
    <None Include="third_part\include\glm\detail\func_common_simd.inl">
      <Filter>src\lib\glm</Filter>
    </None>
    <None Include="third_part\include\glm\detail\func_exponential.inl">
      <Filter>src\lib\glm</Filter>
    </None>
    <None Include="third_part\include\glm\detail\func_exponential_simd.inl">
      <Filter>src\lib\glm</Filter>
    </None>
    <None Include="third_part\include\glm\detail\func_geometric.inl">
      <Filter>src\lib\glm</Filter>
    </None>
    <None Include="third_part\include\glm\detail\func_geometric_simd.inl">
      <Filter>src\lib\glm</Filter>
    </None>
    <None Include="third_part\include\glm\detail\func_integer.inl">
      <Filter>src\lib\glm</Filter>
    </None>
    <None Include="third_part\include\glm\detail\func_integer_simd.inl">
      <Filter>src\lib\glm</Filter>
    </None>
    <None Include="third_part\include\glm\detail\func_matrix.inl">
      <Filter>src\lib\glm</Filter>
    </None>
    <None Include="third_part\include\glm\detail\func_matrix_simd.inl">
      <Filter>src\lib\glm</Filter>
    </None>
    <None Include="third_part\include\glm\detail\func_packing.inl">
      <Filter>src\lib\glm</Filter>
    </None>
    <None Include="third_part\include\glm\detail\func_packing_simd.inl">
      <Filter>src\lib\glm</Filter>
    </None>
    <None Include="third_part\include\glm\detail\func_trigonometric.inl">
      <Filter>src\lib\glm</Filter>
    </None>
    <None Include="third_part\include\glm\detail\func_trigonometric_simd.inl">
      <Filter>src\lib\glm</Filter>
    </None>
    <None Include="third_part\include\glm\detail\func_vector_relational.inl">
      <Filter>src\lib\glm</Filter>
    </None>
    <None Include="third_part\include\glm\detail\func_vector_relational_simd.inl">
      <Filter>src\lib\glm</Filter>
    </None>
    <None Include="third_part\include\glm\detail\type_half.inl">
      <Filter>src\lib\glm</Filter>
    </None>
    <None Include="third_part\include\glm\detail\type_mat2x2.inl">
      <Filter>src\lib\glm</Filter>
    </None>
    <None Include="third_part\include\glm\detail\type_mat2x3.inl">
      <Filter>src\lib\glm</Filter>
    </None>
    <None Include="third_part\include\glm\detail\type_mat2x4.inl">
      <Filter>src\lib\glm</Filter>
    </None>
    <None Include="third_part\include\glm\detail\type_mat3x2.inl">
      <Filter>src\lib\glm</Filter>
    </None>
    <None Include="third_part\include\glm\detail\type_mat3x3.inl">
      <Filter>src\lib\glm</Filter>
    </None>
    <None Include="third_part\include\glm\detail\type_mat3x4.inl">
      <Filter>src\lib\glm</Filter>
    </None>
    <None Include="third_part\include\glm\detail\type_mat4x2.inl">
      <Filter>src\lib\glm</Filter>
    </None>
    <None Include="third_part\include\glm\detail\type_mat4x3.inl">
      <Filter>src\lib\glm</Filter>
    </None>
    <None Include="third_part\include\glm\detail\type_mat4x4.inl">
      <Filter>src\lib\glm</Filter>
    </None>
    <None Include="third_part\include\glm\detail\type_mat4x4_simd.inl">
      <Filter>src\lib\glm</Filter>
    </None>
    <None Include="third_part\include\glm\detail\type_quat.inl">
      <Filter>src\lib\glm</Filter>
    </None>
    <None Include="third_part\include\glm\detail\type_quat_simd.inl">
      <Filter>src\lib\glm</Filter>
    </None>
    <None Include="third_part\include\glm\detail\type_vec1.inl">
      <Filter>src\lib\glm</Filter>
    </None>
    <None Include="third_part\include\glm\detail\type_vec2.inl">
      <Filter>src\lib\glm</Filter>
    </None>
    <None Include="third_part\include\glm\detail\type_vec3.inl">
      <Filter>src\lib\glm</Filter>
    </None>
    <None Include="third_part\include\glm\detail\type_vec4.inl">
      <Filter>src\lib\glm</Filter>
    </None>
    <None Include="third_part\include\glm\detail\type_vec4_simd.inl">
      <Filter>src\lib\glm</Filter>
    </None>
    <None Include="third_part\include\glm\ext\matrix_clip_space.inl">
      <Filter>src\lib\glm</Filter>
    </None>
    <None Include="third_part\include\glm\ext\matrix_common.inl">
      <Filter>src\lib\glm</Filter>
    </None>
    <None Include="third_part\include\glm\ext\matrix_projection.inl">
      <Filter>src\lib\glm</Filter>
    </None>
    <None Include="third_part\include\glm\ext\matrix_relational.inl">
      <Filter>src\lib\glm</Filter>
    </None>
    <None Include="third_part\include\glm\ext\matrix_transform.inl">
      <Filter>src\lib\glm</Filter>
    </None>
    <None Include="third_part\include\glm\ext\quaternion_common.inl">
      <Filter>src\lib\glm</Filter>
    </None>
    <None Include="third_part\include\glm\ext\quaternion_common_simd.inl">
      <Filter>src\lib\glm</Filter>
    </None>
    <None Include="third_part\include\glm\ext\quaternion_exponential.inl">
      <Filter>src\lib\glm</Filter>
    </None>
    <None Include="third_part\include\glm\ext\quaternion_geometric.inl">
      <Filter>src\lib\glm</Filter>
    </None>
    <None Include="third_part\include\glm\ext\quaternion_relational.inl">
      <Filter>src\lib\glm</Filter>
    </None>
    <None Include="third_part\include\glm\ext\quaternion_transform.inl">
      <Filter>src\lib\glm</Filter>
    </None>
    <None Include="third_part\include\glm\ext\quaternion_trigonometric.inl">
      <Filter>src\lib\glm</Filter>
    </None>
    <None Include="third_part\include\glm\ext\scalar_common.inl">
      <Filter>src\lib\glm</Filter>
    </None>
    <None Include="third_part\include\glm\ext\scalar_constants.inl">
      <Filter>src\lib\glm</Filter>
    </None>
    <None Include="third_part\include\glm\ext\scalar_integer.inl">
      <Filter>src\lib\glm</Filter>
    </None>
    <None Include="third_part\include\glm\ext\scalar_relational.inl">
      <Filter>src\lib\glm</Filter>
    </None>
    <None Include="third_part\include\glm\ext\scalar_ulp.inl">
      <Filter>src\lib\glm</Filter>
    </None>
    <None Include="third_part\include\glm\ext\vector_common.inl">
      <Filter>src\lib\glm</Filter>
    </None>
    <None Include="third_part\include\glm\ext\vector_integer.inl">
      <Filter>src\lib\glm</Filter>
    </None>
    <None Include="third_part\include\glm\ext\vector_relational.inl">
      <Filter>src\lib\glm</Filter>
    </None>
    <None Include="third_part\include\glm\ext\vector_ulp.inl">
      <Filter>src\lib\glm</Filter>
    </None>
    <None Include="third_part\include\glm\gtc\bitfield.inl">
      <Filter>src\lib\glm</Filter>
    </None>
    <None Include="third_part\include\glm\gtc\color_space.inl">
      <Filter>src\lib\glm</Filter>
    </None>
    <None Include="third_part\include\glm\gtc\constants.inl">
      <Filter>src\lib\glm</Filter>
    </None>
    <None Include="third_part\include\glm\gtc\epsilon.inl">
      <Filter>src\lib\glm</Filter>
    </None>
    <None Include="third_part\include\glm\gtc\integer.inl">
      <Filter>src\lib\glm</Filter>
    </None>
    <None Include="third_part\include\glm\gtc\matrix_access.inl">
      <Filter>src\lib\glm</Filter>
    </None>
    <None Include="third_part\include\glm\gtc\matrix_inverse.inl">
      <Filter>src\lib\glm</Filter>
    </None>
    <None Include="third_part\include\glm\gtc\matrix_transform.inl">
      <Filter>src\lib\glm</Filter>
    </None>
    <None Include="third_part\include\glm\gtc\noise.inl">
      <Filter>src\lib\glm</Filter>
    </None>
    <None Include="third_part\include\glm\gtc\packing.inl">
      <Filter>src\lib\glm</Filter>
    </None>
    <None Include="third_part\include\glm\gtc\quaternion.inl">
      <Filter>src\lib\glm</Filter>
    </None>
    <None Include="third_part\include\glm\gtc\quaternion_simd.inl">
      <Filter>src\lib\glm</Filter>
    </None>
    <None Include="third_part\include\glm\gtc\random.inl">
      <Filter>src\lib\glm</Filter>
    </None>
    <None Include="third_part\include\glm\gtc\reciprocal.inl">
      <Filter>src\lib\glm</Filter>
    </None>
    <None Include="third_part\include\glm\gtc\round.inl">
      <Filter>src\lib\glm</Filter>
    </None>
    <None Include="third_part\include\glm\gtc\type_precision.inl">
      <Filter>src\lib\glm</Filter>
    </None>
    <None Include="third_part\include\glm\gtc\type_ptr.inl">
      <Filter>src\lib\glm</Filter>
    </None>
    <None Include="third_part\include\glm\gtc\ulp.inl">
      <Filter>src\lib\glm</Filter>
    </None>
    <None Include="third_part\include\glm\gtx\associated_min_max.inl">
      <Filter>src\lib\glm</Filter>
    </None>
    <None Include="third_part\include\glm\gtx\bit.inl">
      <Filter>src\lib\glm</Filter>
    </None>
    <None Include="third_part\include\glm\gtx\closest_point.inl">
      <Filter>src\lib\glm</Filter>
    </None>
    <None Include="third_part\include\glm\gtx\color_encoding.inl">
      <Filter>src\lib\glm</Filter>
    </None>
    <None Include="third_part\include\glm\gtx\color_space.inl">
      <Filter>src\lib\glm</Filter>
    </None>
    <None Include="third_part\include\glm\gtx\color_space_YCoCg.inl">
      <Filter>src\lib\glm</Filter>
    </None>
    <None Include="third_part\include\glm\gtx\common.inl">
      <Filter>src\lib\glm</Filter>
    </None>
    <None Include="third_part\include\glm\gtx\compatibility.inl">
      <Filter>src\lib\glm</Filter>
    </None>
    <None Include="third_part\include\glm\gtx\component_wise.inl">
      <Filter>src\lib\glm</Filter>
    </None>
    <None Include="third_part\include\glm\gtx\dual_quaternion.inl">
      <Filter>src\lib\glm</Filter>
    </None>
    <None Include="third_part\include\glm\gtx\easing.inl">
      <Filter>src\lib\glm</Filter>
    </None>
    <None Include="third_part\include\glm\gtx\euler_angles.inl">
      <Filter>src\lib\glm</Filter>
    </None>
    <None Include="third_part\include\glm\gtx\extend.inl">
      <Filter>src\lib\glm</Filter>
    </None>
    <None Include="third_part\include\glm\gtx\extended_min_max.inl">
      <Filter>src\lib\glm</Filter>
    </None>
    <None Include="third_part\include\glm\gtx\exterior_product.inl">
      <Filter>src\lib\glm</Filter>
    </None>
    <None Include="third_part\include\glm\gtx\fast_exponential.inl">
      <Filter>src\lib\glm</Filter>
    </None>
    <None Include="third_part\include\glm\gtx\fast_square_root.inl">
      <Filter>src\lib\glm</Filter>
    </None>
    <None Include="third_part\include\glm\gtx\fast_trigonometry.inl">
      <Filter>src\lib\glm</Filter>
    </None>
    <None Include="third_part\include\glm\gtx\float_notmalize.inl">
      <Filter>src\lib\glm</Filter>
    </None>
    <None Include="third_part\include\glm\gtx\functions.inl">
      <Filter>src\lib\glm</Filter>
    </None>
    <None Include="third_part\include\glm\gtx\gradient_paint.inl">
      <Filter>src\lib\glm</Filter>
    </None>
    <None Include="third_part\include\glm\gtx\handed_coordinate_space.inl">
      <Filter>src\lib\glm</Filter>
    </None>
    <None Include="third_part\include\glm\gtx\hash.inl">
      <Filter>src\lib\glm</Filter>
    </None>
    <None Include="third_part\include\glm\gtx\integer.inl">
      <Filter>src\lib\glm</Filter>
    </None>
    <None Include="third_part\include\glm\gtx\intersect.inl">
      <Filter>src\lib\glm</Filter>
    </None>
    <None Include="third_part\include\glm\gtx\io.inl">
      <Filter>src\lib\glm</Filter>
    </None>
    <None Include="third_part\include\glm\gtx\log_base.inl">
      <Filter>src\lib\glm</Filter>
    </None>
    <None Include="third_part\include\glm\gtx\matrix_cross_product.inl">
      <Filter>src\lib\glm</Filter>
    </None>
    <None Include="third_part\include\glm\gtx\matrix_decompose.inl">
      <Filter>src\lib\glm</Filter>
    </None>
    <None Include="third_part\include\glm\gtx\matrix_factorisation.inl">
      <Filter>src\lib\glm</Filter>
    </None>
    <None Include="third_part\include\glm\gtx\matrix_interpolation.inl">
      <Filter>src\lib\glm</Filter>
    </None>
    <None Include="third_part\include\glm\gtx\matrix_major_storage.inl">
      <Filter>src\lib\glm</Filter>
    </None>
    <None Include="third_part\include\glm\gtx\matrix_operation.inl">
      <Filter>src\lib\glm</Filter>
    </None>
    <None Include="third_part\include\glm\gtx\matrix_query.inl">
      <Filter>src\lib\glm</Filter>
    </None>
    <None Include="third_part\include\glm\gtx\matrix_transform_2d.inl">
      <Filter>src\lib\glm</Filter>
    </None>
    <None Include="third_part\include\glm\gtx\mixed_product.inl">
      <Filter>src\lib\glm</Filter>
    </None>
    <None Include="third_part\include\glm\gtx\norm.inl">
      <Filter>src\lib\glm</Filter>
    </None>
    <None Include="third_part\include\glm\gtx\normal.inl">
      <Filter>src\lib\glm</Filter>
    </None>
    <None Include="third_part\include\glm\gtx\normalize_dot.inl">
      <Filter>src\lib\glm</Filter>
    </None>
    <None Include="third_part\include\glm\gtx\number_precision.inl">
      <Filter>src\lib\glm</Filter>
    </None>
    <None Include="third_part\include\glm\gtx\optimum_pow.inl">
      <Filter>src\lib\glm</Filter>
    </None>
    <None Include="third_part\include\glm\gtx\orthonormalize.inl">
      <Filter>src\lib\glm</Filter>
    </None>
    <None Include="third_part\include\glm\gtx\perpendicular.inl">
      <Filter>src\lib\glm</Filter>
    </None>
    <None Include="third_part\include\glm\gtx\polar_coordinates.inl">
      <Filter>src\lib\glm</Filter>
    </None>
    <None Include="third_part\include\glm\gtx\projection.inl">
      <Filter>src\lib\glm</Filter>
    </None>
    <None Include="third_part\include\glm\gtx\quaternion.inl">
      <Filter>src\lib\glm</Filter>
    </None>
    <None Include="third_part\include\glm\gtx\raw_data.inl">
      <Filter>src\lib\glm</Filter>
    </None>
    <None Include="third_part\include\glm\gtx\rotate_normalized_axis.inl">
      <Filter>src\lib\glm</Filter>
    </None>
    <None Include="third_part\include\glm\gtx\rotate_vector.inl">
      <Filter>src\lib\glm</Filter>
    </None>
    <None Include="third_part\include\glm\gtx\scalar_relational.inl">
      <Filter>src\lib\glm</Filter>
    </None>
    <None Include="third_part\include\glm\gtx\spline.inl">
      <Filter>src\lib\glm</Filter>
    </None>
    <None Include="third_part\include\glm\gtx\std_based_type.inl">
      <Filter>src\lib\glm</Filter>
    </None>
    <None Include="third_part\include\glm\gtx\string_cast.inl">
      <Filter>src\lib\glm</Filter>
    </None>
    <None Include="third_part\include\glm\gtx\texture.inl">
      <Filter>src\lib\glm</Filter>
    </None>
    <None Include="third_part\include\glm\gtx\transform.inl">
      <Filter>src\lib\glm</Filter>
    </None>
    <None Include="third_part\include\glm\gtx\transform2.inl">
      <Filter>src\lib\glm</Filter>
    </None>
    <None Include="third_part\include\glm\gtx\type_aligned.inl">
      <Filter>src\lib\glm</Filter>
    </None>
    <None Include="third_part\include\glm\gtx\type_trait.inl">
      <Filter>src\lib\glm</Filter>
    </None>
    <None Include="third_part\include\glm\gtx\vector_angle.inl">
      <Filter>src\lib\glm</Filter>
    </None>
    <None Include="third_part\include\glm\gtx\vector_query.inl">
      <Filter>src\lib\glm</Filter>
    </None>
    <None Include="third_part\include\glm\gtx\wrap.inl">
      <Filter>src\lib\glm</Filter>
    </None>
    <None Include="third_part\include\assimp\color4.inl">
      <Filter>src\lib\assimp</Filter>
    </None>
    <None Include="third_part\include\assimp\material.inl">
      <Filter>src\lib\assimp</Filter>
    </None>
    <None Include="third_part\include\assimp\matrix3x3.inl">
      <Filter>src\lib\assimp</Filter>
    </None>
    <None Include="third_part\include\assimp\matrix4x4.inl">
      <Filter>src\lib\assimp</Filter>
    </None>
    <None Include="third_part\include\assimp\quaternion.inl">
      <Filter>src\lib\assimp</Filter>
    </None>
    <None Include="third_part\include\assimp\vector2.inl">
      <Filter>src\lib\assimp</Filter>
    </None>
    <None Include="third_part\include\assimp\vector3.inl">
      <Filter>src\lib\assimp</Filter>
    </None>
  </ItemGroup>
  <ItemGroup>
    <ClInclude Include="commons\CommonUtils.h">
      <Filter>src\common</Filter>
    </ClInclude>
    <ClInclude Include="graphic\Shader.h">
      <Filter>src\graphic</Filter>
    </ClInclude>
    <ClInclude Include="commons\Time.h">
      <Filter>src\common</Filter>
    </ClInclude>
    <ClInclude Include="graphic\Texture.h">
      <Filter>src\graphic</Filter>
    </ClInclude>
    <ClInclude Include="third_part\include\glm\common.hpp">
      <Filter>src\lib\glm</Filter>
    </ClInclude>
    <ClInclude Include="third_part\include\glm\detail\compute_common.hpp">
      <Filter>src\lib\glm</Filter>
    </ClInclude>
    <ClInclude Include="third_part\include\glm\detail\compute_vector_relational.hpp">
      <Filter>src\lib\glm</Filter>
    </ClInclude>
    <ClInclude Include="third_part\include\glm\detail\qualifier.hpp">
      <Filter>src\lib\glm</Filter>
    </ClInclude>
    <ClInclude Include="third_part\include\glm\detail\setup.hpp">
      <Filter>src\lib\glm</Filter>
    </ClInclude>
    <ClInclude Include="third_part\include\glm\detail\type_float.hpp">
      <Filter>src\lib\glm</Filter>
    </ClInclude>
    <ClInclude Include="third_part\include\glm\detail\type_half.hpp">
      <Filter>src\lib\glm</Filter>
    </ClInclude>
    <ClInclude Include="third_part\include\glm\detail\type_mat2x2.hpp">
      <Filter>src\lib\glm</Filter>
    </ClInclude>
    <ClInclude Include="third_part\include\glm\detail\type_mat2x3.hpp">
      <Filter>src\lib\glm</Filter>
    </ClInclude>
    <ClInclude Include="third_part\include\glm\detail\type_mat2x4.hpp">
      <Filter>src\lib\glm</Filter>
    </ClInclude>
    <ClInclude Include="third_part\include\glm\detail\type_mat3x2.hpp">
      <Filter>src\lib\glm</Filter>
    </ClInclude>
    <ClInclude Include="third_part\include\glm\detail\type_mat3x3.hpp">
      <Filter>src\lib\glm</Filter>
    </ClInclude>
    <ClInclude Include="third_part\include\glm\detail\type_mat3x4.hpp">
      <Filter>src\lib\glm</Filter>
    </ClInclude>
    <ClInclude Include="third_part\include\glm\detail\type_mat4x2.hpp">
      <Filter>src\lib\glm</Filter>
    </ClInclude>
    <ClInclude Include="third_part\include\glm\detail\type_mat4x3.hpp">
      <Filter>src\lib\glm</Filter>
    </ClInclude>
    <ClInclude Include="third_part\include\glm\detail\type_mat4x4.hpp">
      <Filter>src\lib\glm</Filter>
    </ClInclude>
    <ClInclude Include="third_part\include\glm\detail\type_quat.hpp">
      <Filter>src\lib\glm</Filter>
    </ClInclude>
    <ClInclude Include="third_part\include\glm\detail\type_vec1.hpp">
      <Filter>src\lib\glm</Filter>
    </ClInclude>
    <ClInclude Include="third_part\include\glm\detail\type_vec2.hpp">
      <Filter>src\lib\glm</Filter>
    </ClInclude>
    <ClInclude Include="third_part\include\glm\detail\type_vec3.hpp">
      <Filter>src\lib\glm</Filter>
    </ClInclude>
    <ClInclude Include="third_part\include\glm\detail\type_vec4.hpp">
      <Filter>src\lib\glm</Filter>
    </ClInclude>
    <ClInclude Include="third_part\include\glm\detail\_features.hpp">
      <Filter>src\lib\glm</Filter>
    </ClInclude>
    <ClInclude Include="third_part\include\glm\detail\_fixes.hpp">
      <Filter>src\lib\glm</Filter>
    </ClInclude>
    <ClInclude Include="third_part\include\glm\detail\_noise.hpp">
      <Filter>src\lib\glm</Filter>
    </ClInclude>
    <ClInclude Include="third_part\include\glm\detail\_swizzle.hpp">
      <Filter>src\lib\glm</Filter>
    </ClInclude>
    <ClInclude Include="third_part\include\glm\detail\_swizzle_func.hpp">
      <Filter>src\lib\glm</Filter>
    </ClInclude>
    <ClInclude Include="third_part\include\glm\detail\_vectorize.hpp">
      <Filter>src\lib\glm</Filter>
    </ClInclude>
    <ClInclude Include="third_part\include\glm\exponential.hpp">
      <Filter>src\lib\glm</Filter>
    </ClInclude>
    <ClInclude Include="third_part\include\glm\ext\matrix_clip_space.hpp">
      <Filter>src\lib\glm</Filter>
    </ClInclude>
    <ClInclude Include="third_part\include\glm\ext\matrix_common.hpp">
      <Filter>src\lib\glm</Filter>
    </ClInclude>
    <ClInclude Include="third_part\include\glm\ext\matrix_double2x2.hpp">
      <Filter>src\lib\glm</Filter>
    </ClInclude>
    <ClInclude Include="third_part\include\glm\ext\matrix_double2x2_precision.hpp">
      <Filter>src\lib\glm</Filter>
    </ClInclude>
    <ClInclude Include="third_part\include\glm\ext\matrix_double2x3.hpp">
      <Filter>src\lib\glm</Filter>
    </ClInclude>
    <ClInclude Include="third_part\include\glm\ext\matrix_double2x3_precision.hpp">
      <Filter>src\lib\glm</Filter>
    </ClInclude>
    <ClInclude Include="third_part\include\glm\ext\matrix_double2x4.hpp">
      <Filter>src\lib\glm</Filter>
    </ClInclude>
    <ClInclude Include="third_part\include\glm\ext\matrix_double2x4_precision.hpp">
      <Filter>src\lib\glm</Filter>
    </ClInclude>
    <ClInclude Include="third_part\include\glm\ext\matrix_double3x2.hpp">
      <Filter>src\lib\glm</Filter>
    </ClInclude>
    <ClInclude Include="third_part\include\glm\ext\matrix_double3x2_precision.hpp">
      <Filter>src\lib\glm</Filter>
    </ClInclude>
    <ClInclude Include="third_part\include\glm\ext\matrix_double3x3.hpp">
      <Filter>src\lib\glm</Filter>
    </ClInclude>
    <ClInclude Include="third_part\include\glm\ext\matrix_double3x3_precision.hpp">
      <Filter>src\lib\glm</Filter>
    </ClInclude>
    <ClInclude Include="third_part\include\glm\ext\matrix_double3x4.hpp">
      <Filter>src\lib\glm</Filter>
    </ClInclude>
    <ClInclude Include="third_part\include\glm\ext\matrix_double3x4_precision.hpp">
      <Filter>src\lib\glm</Filter>
    </ClInclude>
    <ClInclude Include="third_part\include\glm\ext\matrix_double4x2.hpp">
      <Filter>src\lib\glm</Filter>
    </ClInclude>
    <ClInclude Include="third_part\include\glm\ext\matrix_double4x2_precision.hpp">
      <Filter>src\lib\glm</Filter>
    </ClInclude>
    <ClInclude Include="third_part\include\glm\ext\matrix_double4x3.hpp">
      <Filter>src\lib\glm</Filter>
    </ClInclude>
    <ClInclude Include="third_part\include\glm\ext\matrix_double4x3_precision.hpp">
      <Filter>src\lib\glm</Filter>
    </ClInclude>
    <ClInclude Include="third_part\include\glm\ext\matrix_double4x4.hpp">
      <Filter>src\lib\glm</Filter>
    </ClInclude>
    <ClInclude Include="third_part\include\glm\ext\matrix_double4x4_precision.hpp">
      <Filter>src\lib\glm</Filter>
    </ClInclude>
    <ClInclude Include="third_part\include\glm\ext\matrix_float2x2.hpp">
      <Filter>src\lib\glm</Filter>
    </ClInclude>
    <ClInclude Include="third_part\include\glm\ext\matrix_float2x2_precision.hpp">
      <Filter>src\lib\glm</Filter>
    </ClInclude>
    <ClInclude Include="third_part\include\glm\ext\matrix_float2x3.hpp">
      <Filter>src\lib\glm</Filter>
    </ClInclude>
    <ClInclude Include="third_part\include\glm\ext\matrix_float2x3_precision.hpp">
      <Filter>src\lib\glm</Filter>
    </ClInclude>
    <ClInclude Include="third_part\include\glm\ext\matrix_float2x4.hpp">
      <Filter>src\lib\glm</Filter>
    </ClInclude>
    <ClInclude Include="third_part\include\glm\ext\matrix_float2x4_precision.hpp">
      <Filter>src\lib\glm</Filter>
    </ClInclude>
    <ClInclude Include="third_part\include\glm\ext\matrix_float3x2.hpp">
      <Filter>src\lib\glm</Filter>
    </ClInclude>
    <ClInclude Include="third_part\include\glm\ext\matrix_float3x2_precision.hpp">
      <Filter>src\lib\glm</Filter>
    </ClInclude>
    <ClInclude Include="third_part\include\glm\ext\matrix_float3x3.hpp">
      <Filter>src\lib\glm</Filter>
    </ClInclude>
    <ClInclude Include="third_part\include\glm\ext\matrix_float3x3_precision.hpp">
      <Filter>src\lib\glm</Filter>
    </ClInclude>
    <ClInclude Include="third_part\include\glm\ext\matrix_float3x4.hpp">
      <Filter>src\lib\glm</Filter>
    </ClInclude>
    <ClInclude Include="third_part\include\glm\ext\matrix_float3x4_precision.hpp">
      <Filter>src\lib\glm</Filter>
    </ClInclude>
    <ClInclude Include="third_part\include\glm\ext\matrix_float4x2.hpp">
      <Filter>src\lib\glm</Filter>
    </ClInclude>
    <ClInclude Include="third_part\include\glm\ext\matrix_float4x2_precision.hpp">
      <Filter>src\lib\glm</Filter>
    </ClInclude>
    <ClInclude Include="third_part\include\glm\ext\matrix_float4x3.hpp">
      <Filter>src\lib\glm</Filter>
    </ClInclude>
    <ClInclude Include="third_part\include\glm\ext\matrix_float4x3_precision.hpp">
      <Filter>src\lib\glm</Filter>
    </ClInclude>
    <ClInclude Include="third_part\include\glm\ext\matrix_float4x4.hpp">
      <Filter>src\lib\glm</Filter>
    </ClInclude>
    <ClInclude Include="third_part\include\glm\ext\matrix_float4x4_precision.hpp">
      <Filter>src\lib\glm</Filter>
    </ClInclude>
    <ClInclude Include="third_part\include\glm\ext\matrix_projection.hpp">
      <Filter>src\lib\glm</Filter>
    </ClInclude>
    <ClInclude Include="third_part\include\glm\ext\matrix_relational.hpp">
      <Filter>src\lib\glm</Filter>
    </ClInclude>
    <ClInclude Include="third_part\include\glm\ext\matrix_transform.hpp">
      <Filter>src\lib\glm</Filter>
    </ClInclude>
    <ClInclude Include="third_part\include\glm\ext\quaternion_common.hpp">
      <Filter>src\lib\glm</Filter>
    </ClInclude>
    <ClInclude Include="third_part\include\glm\ext\quaternion_double.hpp">
      <Filter>src\lib\glm</Filter>
    </ClInclude>
    <ClInclude Include="third_part\include\glm\ext\quaternion_double_precision.hpp">
      <Filter>src\lib\glm</Filter>
    </ClInclude>
    <ClInclude Include="third_part\include\glm\ext\quaternion_exponential.hpp">
      <Filter>src\lib\glm</Filter>
    </ClInclude>
    <ClInclude Include="third_part\include\glm\ext\quaternion_float.hpp">
      <Filter>src\lib\glm</Filter>
    </ClInclude>
    <ClInclude Include="third_part\include\glm\ext\quaternion_float_precision.hpp">
      <Filter>src\lib\glm</Filter>
    </ClInclude>
    <ClInclude Include="third_part\include\glm\ext\quaternion_geometric.hpp">
      <Filter>src\lib\glm</Filter>
    </ClInclude>
    <ClInclude Include="third_part\include\glm\ext\quaternion_relational.hpp">
      <Filter>src\lib\glm</Filter>
    </ClInclude>
    <ClInclude Include="third_part\include\glm\ext\quaternion_transform.hpp">
      <Filter>src\lib\glm</Filter>
    </ClInclude>
    <ClInclude Include="third_part\include\glm\ext\quaternion_trigonometric.hpp">
      <Filter>src\lib\glm</Filter>
    </ClInclude>
    <ClInclude Include="third_part\include\glm\ext\scalar_common.hpp">
      <Filter>src\lib\glm</Filter>
    </ClInclude>
    <ClInclude Include="third_part\include\glm\ext\scalar_constants.hpp">
      <Filter>src\lib\glm</Filter>
    </ClInclude>
    <ClInclude Include="third_part\include\glm\ext\scalar_integer.hpp">
      <Filter>src\lib\glm</Filter>
    </ClInclude>
    <ClInclude Include="third_part\include\glm\ext\scalar_int_sized.hpp">
      <Filter>src\lib\glm</Filter>
    </ClInclude>
    <ClInclude Include="third_part\include\glm\ext\scalar_relational.hpp">
      <Filter>src\lib\glm</Filter>
    </ClInclude>
    <ClInclude Include="third_part\include\glm\ext\scalar_uint_sized.hpp">
      <Filter>src\lib\glm</Filter>
    </ClInclude>
    <ClInclude Include="third_part\include\glm\ext\scalar_ulp.hpp">
      <Filter>src\lib\glm</Filter>
    </ClInclude>
    <ClInclude Include="third_part\include\glm\ext\vector_bool1.hpp">
      <Filter>src\lib\glm</Filter>
    </ClInclude>
    <ClInclude Include="third_part\include\glm\ext\vector_bool1_precision.hpp">
      <Filter>src\lib\glm</Filter>
    </ClInclude>
    <ClInclude Include="third_part\include\glm\ext\vector_bool2.hpp">
      <Filter>src\lib\glm</Filter>
    </ClInclude>
    <ClInclude Include="third_part\include\glm\ext\vector_bool2_precision.hpp">
      <Filter>src\lib\glm</Filter>
    </ClInclude>
    <ClInclude Include="third_part\include\glm\ext\vector_bool3.hpp">
      <Filter>src\lib\glm</Filter>
    </ClInclude>
    <ClInclude Include="third_part\include\glm\ext\vector_bool3_precision.hpp">
      <Filter>src\lib\glm</Filter>
    </ClInclude>
    <ClInclude Include="third_part\include\glm\ext\vector_bool4.hpp">
      <Filter>src\lib\glm</Filter>
    </ClInclude>
    <ClInclude Include="third_part\include\glm\ext\vector_bool4_precision.hpp">
      <Filter>src\lib\glm</Filter>
    </ClInclude>
    <ClInclude Include="third_part\include\glm\ext\vector_common.hpp">
      <Filter>src\lib\glm</Filter>
    </ClInclude>
    <ClInclude Include="third_part\include\glm\ext\vector_double1.hpp">
      <Filter>src\lib\glm</Filter>
    </ClInclude>
    <ClInclude Include="third_part\include\glm\ext\vector_double1_precision.hpp">
      <Filter>src\lib\glm</Filter>
    </ClInclude>
    <ClInclude Include="third_part\include\glm\ext\vector_double2.hpp">
      <Filter>src\lib\glm</Filter>
    </ClInclude>
    <ClInclude Include="third_part\include\glm\ext\vector_double2_precision.hpp">
      <Filter>src\lib\glm</Filter>
    </ClInclude>
    <ClInclude Include="third_part\include\glm\ext\vector_double3.hpp">
      <Filter>src\lib\glm</Filter>
    </ClInclude>
    <ClInclude Include="third_part\include\glm\ext\vector_double3_precision.hpp">
      <Filter>src\lib\glm</Filter>
    </ClInclude>
    <ClInclude Include="third_part\include\glm\ext\vector_double4.hpp">
      <Filter>src\lib\glm</Filter>
    </ClInclude>
    <ClInclude Include="third_part\include\glm\ext\vector_double4_precision.hpp">
      <Filter>src\lib\glm</Filter>
    </ClInclude>
    <ClInclude Include="third_part\include\glm\ext\vector_float1.hpp">
      <Filter>src\lib\glm</Filter>
    </ClInclude>
    <ClInclude Include="third_part\include\glm\ext\vector_float1_precision.hpp">
      <Filter>src\lib\glm</Filter>
    </ClInclude>
    <ClInclude Include="third_part\include\glm\ext\vector_float2.hpp">
      <Filter>src\lib\glm</Filter>
    </ClInclude>
    <ClInclude Include="third_part\include\glm\ext\vector_float2_precision.hpp">
      <Filter>src\lib\glm</Filter>
    </ClInclude>
    <ClInclude Include="third_part\include\glm\ext\vector_float3.hpp">
      <Filter>src\lib\glm</Filter>
    </ClInclude>
    <ClInclude Include="third_part\include\glm\ext\vector_float3_precision.hpp">
      <Filter>src\lib\glm</Filter>
    </ClInclude>
    <ClInclude Include="third_part\include\glm\ext\vector_float4.hpp">
      <Filter>src\lib\glm</Filter>
    </ClInclude>
    <ClInclude Include="third_part\include\glm\ext\vector_float4_precision.hpp">
      <Filter>src\lib\glm</Filter>
    </ClInclude>
    <ClInclude Include="third_part\include\glm\ext\vector_int1.hpp">
      <Filter>src\lib\glm</Filter>
    </ClInclude>
    <ClInclude Include="third_part\include\glm\ext\vector_int1_precision.hpp">
      <Filter>src\lib\glm</Filter>
    </ClInclude>
    <ClInclude Include="third_part\include\glm\ext\vector_int2.hpp">
      <Filter>src\lib\glm</Filter>
    </ClInclude>
    <ClInclude Include="third_part\include\glm\ext\vector_int2_precision.hpp">
      <Filter>src\lib\glm</Filter>
    </ClInclude>
    <ClInclude Include="third_part\include\glm\ext\vector_int3.hpp">
      <Filter>src\lib\glm</Filter>
    </ClInclude>
    <ClInclude Include="third_part\include\glm\ext\vector_int3_precision.hpp">
      <Filter>src\lib\glm</Filter>
    </ClInclude>
    <ClInclude Include="third_part\include\glm\ext\vector_int4.hpp">
      <Filter>src\lib\glm</Filter>
    </ClInclude>
    <ClInclude Include="third_part\include\glm\ext\vector_int4_precision.hpp">
      <Filter>src\lib\glm</Filter>
    </ClInclude>
    <ClInclude Include="third_part\include\glm\ext\vector_integer.hpp">
      <Filter>src\lib\glm</Filter>
    </ClInclude>
    <ClInclude Include="third_part\include\glm\ext\vector_relational.hpp">
      <Filter>src\lib\glm</Filter>
    </ClInclude>
    <ClInclude Include="third_part\include\glm\ext\vector_uint1.hpp">
      <Filter>src\lib\glm</Filter>
    </ClInclude>
    <ClInclude Include="third_part\include\glm\ext\vector_uint1_precision.hpp">
      <Filter>src\lib\glm</Filter>
    </ClInclude>
    <ClInclude Include="third_part\include\glm\ext\vector_uint2.hpp">
      <Filter>src\lib\glm</Filter>
    </ClInclude>
    <ClInclude Include="third_part\include\glm\ext\vector_uint2_precision.hpp">
      <Filter>src\lib\glm</Filter>
    </ClInclude>
    <ClInclude Include="third_part\include\glm\ext\vector_uint3.hpp">
      <Filter>src\lib\glm</Filter>
    </ClInclude>
    <ClInclude Include="third_part\include\glm\ext\vector_uint3_precision.hpp">
      <Filter>src\lib\glm</Filter>
    </ClInclude>
    <ClInclude Include="third_part\include\glm\ext\vector_uint4.hpp">
      <Filter>src\lib\glm</Filter>
    </ClInclude>
    <ClInclude Include="third_part\include\glm\ext\vector_uint4_precision.hpp">
      <Filter>src\lib\glm</Filter>
    </ClInclude>
    <ClInclude Include="third_part\include\glm\ext\vector_ulp.hpp">
      <Filter>src\lib\glm</Filter>
    </ClInclude>
    <ClInclude Include="third_part\include\glm\ext.hpp">
      <Filter>src\lib\glm</Filter>
    </ClInclude>
    <ClInclude Include="third_part\include\glm\fwd.hpp">
      <Filter>src\lib\glm</Filter>
    </ClInclude>
    <ClInclude Include="third_part\include\glm\geometric.hpp">
      <Filter>src\lib\glm</Filter>
    </ClInclude>
    <ClInclude Include="third_part\include\glm\glm.hpp">
      <Filter>src\lib\glm</Filter>
    </ClInclude>
    <ClInclude Include="third_part\include\glm\gtc\bitfield.hpp">
      <Filter>src\lib\glm</Filter>
    </ClInclude>
    <ClInclude Include="third_part\include\glm\gtc\color_space.hpp">
      <Filter>src\lib\glm</Filter>
    </ClInclude>
    <ClInclude Include="third_part\include\glm\gtc\constants.hpp">
      <Filter>src\lib\glm</Filter>
    </ClInclude>
    <ClInclude Include="third_part\include\glm\gtc\epsilon.hpp">
      <Filter>src\lib\glm</Filter>
    </ClInclude>
    <ClInclude Include="third_part\include\glm\gtc\integer.hpp">
      <Filter>src\lib\glm</Filter>
    </ClInclude>
    <ClInclude Include="third_part\include\glm\gtc\matrix_access.hpp">
      <Filter>src\lib\glm</Filter>
    </ClInclude>
    <ClInclude Include="third_part\include\glm\gtc\matrix_integer.hpp">
      <Filter>src\lib\glm</Filter>
    </ClInclude>
    <ClInclude Include="third_part\include\glm\gtc\matrix_inverse.hpp">
      <Filter>src\lib\glm</Filter>
    </ClInclude>
    <ClInclude Include="third_part\include\glm\gtc\matrix_transform.hpp">
      <Filter>src\lib\glm</Filter>
    </ClInclude>
    <ClInclude Include="third_part\include\glm\gtc\noise.hpp">
      <Filter>src\lib\glm</Filter>
    </ClInclude>
    <ClInclude Include="third_part\include\glm\gtc\packing.hpp">
      <Filter>src\lib\glm</Filter>
    </ClInclude>
    <ClInclude Include="third_part\include\glm\gtc\quaternion.hpp">
      <Filter>src\lib\glm</Filter>
    </ClInclude>
    <ClInclude Include="third_part\include\glm\gtc\random.hpp">
      <Filter>src\lib\glm</Filter>
    </ClInclude>
    <ClInclude Include="third_part\include\glm\gtc\reciprocal.hpp">
      <Filter>src\lib\glm</Filter>
    </ClInclude>
    <ClInclude Include="third_part\include\glm\gtc\round.hpp">
      <Filter>src\lib\glm</Filter>
    </ClInclude>
    <ClInclude Include="third_part\include\glm\gtc\type_aligned.hpp">
      <Filter>src\lib\glm</Filter>
    </ClInclude>
    <ClInclude Include="third_part\include\glm\gtc\type_precision.hpp">
      <Filter>src\lib\glm</Filter>
    </ClInclude>
    <ClInclude Include="third_part\include\glm\gtc\type_ptr.hpp">
      <Filter>src\lib\glm</Filter>
    </ClInclude>
    <ClInclude Include="third_part\include\glm\gtc\ulp.hpp">
      <Filter>src\lib\glm</Filter>
    </ClInclude>
    <ClInclude Include="third_part\include\glm\gtc\vec1.hpp">
      <Filter>src\lib\glm</Filter>
    </ClInclude>
    <ClInclude Include="third_part\include\glm\gtx\associated_min_max.hpp">
      <Filter>src\lib\glm</Filter>
    </ClInclude>
    <ClInclude Include="third_part\include\glm\gtx\bit.hpp">
      <Filter>src\lib\glm</Filter>
    </ClInclude>
    <ClInclude Include="third_part\include\glm\gtx\closest_point.hpp">
      <Filter>src\lib\glm</Filter>
    </ClInclude>
    <ClInclude Include="third_part\include\glm\gtx\color_encoding.hpp">
      <Filter>src\lib\glm</Filter>
    </ClInclude>
    <ClInclude Include="third_part\include\glm\gtx\color_space.hpp">
      <Filter>src\lib\glm</Filter>
    </ClInclude>
    <ClInclude Include="third_part\include\glm\gtx\color_space_YCoCg.hpp">
      <Filter>src\lib\glm</Filter>
    </ClInclude>
    <ClInclude Include="third_part\include\glm\gtx\common.hpp">
      <Filter>src\lib\glm</Filter>
    </ClInclude>
    <ClInclude Include="third_part\include\glm\gtx\compatibility.hpp">
      <Filter>src\lib\glm</Filter>
    </ClInclude>
    <ClInclude Include="third_part\include\glm\gtx\component_wise.hpp">
      <Filter>src\lib\glm</Filter>
    </ClInclude>
    <ClInclude Include="third_part\include\glm\gtx\dual_quaternion.hpp">
      <Filter>src\lib\glm</Filter>
    </ClInclude>
    <ClInclude Include="third_part\include\glm\gtx\easing.hpp">
      <Filter>src\lib\glm</Filter>
    </ClInclude>
    <ClInclude Include="third_part\include\glm\gtx\euler_angles.hpp">
      <Filter>src\lib\glm</Filter>
    </ClInclude>
    <ClInclude Include="third_part\include\glm\gtx\extend.hpp">
      <Filter>src\lib\glm</Filter>
    </ClInclude>
    <ClInclude Include="third_part\include\glm\gtx\extended_min_max.hpp">
      <Filter>src\lib\glm</Filter>
    </ClInclude>
    <ClInclude Include="third_part\include\glm\gtx\exterior_product.hpp">
      <Filter>src\lib\glm</Filter>
    </ClInclude>
    <ClInclude Include="third_part\include\glm\gtx\fast_exponential.hpp">
      <Filter>src\lib\glm</Filter>
    </ClInclude>
    <ClInclude Include="third_part\include\glm\gtx\fast_square_root.hpp">
      <Filter>src\lib\glm</Filter>
    </ClInclude>
    <ClInclude Include="third_part\include\glm\gtx\fast_trigonometry.hpp">
      <Filter>src\lib\glm</Filter>
    </ClInclude>
    <ClInclude Include="third_part\include\glm\gtx\functions.hpp">
      <Filter>src\lib\glm</Filter>
    </ClInclude>
    <ClInclude Include="third_part\include\glm\gtx\gradient_paint.hpp">
      <Filter>src\lib\glm</Filter>
    </ClInclude>
    <ClInclude Include="third_part\include\glm\gtx\handed_coordinate_space.hpp">
      <Filter>src\lib\glm</Filter>
    </ClInclude>
    <ClInclude Include="third_part\include\glm\gtx\hash.hpp">
      <Filter>src\lib\glm</Filter>
    </ClInclude>
    <ClInclude Include="third_part\include\glm\gtx\integer.hpp">
      <Filter>src\lib\glm</Filter>
    </ClInclude>
    <ClInclude Include="third_part\include\glm\gtx\intersect.hpp">
      <Filter>src\lib\glm</Filter>
    </ClInclude>
    <ClInclude Include="third_part\include\glm\gtx\io.hpp">
      <Filter>src\lib\glm</Filter>
    </ClInclude>
    <ClInclude Include="third_part\include\glm\gtx\log_base.hpp">
      <Filter>src\lib\glm</Filter>
    </ClInclude>
    <ClInclude Include="third_part\include\glm\gtx\matrix_cross_product.hpp">
      <Filter>src\lib\glm</Filter>
    </ClInclude>
    <ClInclude Include="third_part\include\glm\gtx\matrix_decompose.hpp">
      <Filter>src\lib\glm</Filter>
    </ClInclude>
    <ClInclude Include="third_part\include\glm\gtx\matrix_factorisation.hpp">
      <Filter>src\lib\glm</Filter>
    </ClInclude>
    <ClInclude Include="third_part\include\glm\gtx\matrix_interpolation.hpp">
      <Filter>src\lib\glm</Filter>
    </ClInclude>
    <ClInclude Include="third_part\include\glm\gtx\matrix_major_storage.hpp">
      <Filter>src\lib\glm</Filter>
    </ClInclude>
    <ClInclude Include="third_part\include\glm\gtx\matrix_operation.hpp">
      <Filter>src\lib\glm</Filter>
    </ClInclude>
    <ClInclude Include="third_part\include\glm\gtx\matrix_query.hpp">
      <Filter>src\lib\glm</Filter>
    </ClInclude>
    <ClInclude Include="third_part\include\glm\gtx\matrix_transform_2d.hpp">
      <Filter>src\lib\glm</Filter>
    </ClInclude>
    <ClInclude Include="third_part\include\glm\gtx\mixed_product.hpp">
      <Filter>src\lib\glm</Filter>
    </ClInclude>
    <ClInclude Include="third_part\include\glm\gtx\norm.hpp">
      <Filter>src\lib\glm</Filter>
    </ClInclude>
    <ClInclude Include="third_part\include\glm\gtx\normal.hpp">
      <Filter>src\lib\glm</Filter>
    </ClInclude>
    <ClInclude Include="third_part\include\glm\gtx\normalize_dot.hpp">
      <Filter>src\lib\glm</Filter>
    </ClInclude>
    <ClInclude Include="third_part\include\glm\gtx\number_precision.hpp">
      <Filter>src\lib\glm</Filter>
    </ClInclude>
    <ClInclude Include="third_part\include\glm\gtx\optimum_pow.hpp">
      <Filter>src\lib\glm</Filter>
    </ClInclude>
    <ClInclude Include="third_part\include\glm\gtx\orthonormalize.hpp">
      <Filter>src\lib\glm</Filter>
    </ClInclude>
    <ClInclude Include="third_part\include\glm\gtx\perpendicular.hpp">
      <Filter>src\lib\glm</Filter>
    </ClInclude>
    <ClInclude Include="third_part\include\glm\gtx\polar_coordinates.hpp">
      <Filter>src\lib\glm</Filter>
    </ClInclude>
    <ClInclude Include="third_part\include\glm\gtx\projection.hpp">
      <Filter>src\lib\glm</Filter>
    </ClInclude>
    <ClInclude Include="third_part\include\glm\gtx\quaternion.hpp">
      <Filter>src\lib\glm</Filter>
    </ClInclude>
    <ClInclude Include="third_part\include\glm\gtx\range.hpp">
      <Filter>src\lib\glm</Filter>
    </ClInclude>
    <ClInclude Include="third_part\include\glm\gtx\raw_data.hpp">
      <Filter>src\lib\glm</Filter>
    </ClInclude>
    <ClInclude Include="third_part\include\glm\gtx\rotate_normalized_axis.hpp">
      <Filter>src\lib\glm</Filter>
    </ClInclude>
    <ClInclude Include="third_part\include\glm\gtx\rotate_vector.hpp">
      <Filter>src\lib\glm</Filter>
    </ClInclude>
    <ClInclude Include="third_part\include\glm\gtx\scalar_multiplication.hpp">
      <Filter>src\lib\glm</Filter>
    </ClInclude>
    <ClInclude Include="third_part\include\glm\gtx\scalar_relational.hpp">
      <Filter>src\lib\glm</Filter>
    </ClInclude>
    <ClInclude Include="third_part\include\glm\gtx\spline.hpp">
      <Filter>src\lib\glm</Filter>
    </ClInclude>
    <ClInclude Include="third_part\include\glm\gtx\std_based_type.hpp">
      <Filter>src\lib\glm</Filter>
    </ClInclude>
    <ClInclude Include="third_part\include\glm\gtx\string_cast.hpp">
      <Filter>src\lib\glm</Filter>
    </ClInclude>
    <ClInclude Include="third_part\include\glm\gtx\texture.hpp">
      <Filter>src\lib\glm</Filter>
    </ClInclude>
    <ClInclude Include="third_part\include\glm\gtx\transform.hpp">
      <Filter>src\lib\glm</Filter>
    </ClInclude>
    <ClInclude Include="third_part\include\glm\gtx\transform2.hpp">
      <Filter>src\lib\glm</Filter>
    </ClInclude>
    <ClInclude Include="third_part\include\glm\gtx\type_aligned.hpp">
      <Filter>src\lib\glm</Filter>
    </ClInclude>
    <ClInclude Include="third_part\include\glm\gtx\type_trait.hpp">
      <Filter>src\lib\glm</Filter>
    </ClInclude>
    <ClInclude Include="third_part\include\glm\gtx\vector_angle.hpp">
      <Filter>src\lib\glm</Filter>
    </ClInclude>
    <ClInclude Include="third_part\include\glm\gtx\vector_query.hpp">
      <Filter>src\lib\glm</Filter>
    </ClInclude>
    <ClInclude Include="third_part\include\glm\gtx\vec_swizzle.hpp">
      <Filter>src\lib\glm</Filter>
    </ClInclude>
    <ClInclude Include="third_part\include\glm\gtx\wrap.hpp">
      <Filter>src\lib\glm</Filter>
    </ClInclude>
    <ClInclude Include="third_part\include\glm\integer.hpp">
      <Filter>src\lib\glm</Filter>
    </ClInclude>
    <ClInclude Include="third_part\include\glm\mat2x2.hpp">
      <Filter>src\lib\glm</Filter>
    </ClInclude>
    <ClInclude Include="third_part\include\glm\mat2x3.hpp">
      <Filter>src\lib\glm</Filter>
    </ClInclude>
    <ClInclude Include="third_part\include\glm\mat2x4.hpp">
      <Filter>src\lib\glm</Filter>
    </ClInclude>
    <ClInclude Include="third_part\include\glm\mat3x2.hpp">
      <Filter>src\lib\glm</Filter>
    </ClInclude>
    <ClInclude Include="third_part\include\glm\mat3x3.hpp">
      <Filter>src\lib\glm</Filter>
    </ClInclude>
    <ClInclude Include="third_part\include\glm\mat3x4.hpp">
      <Filter>src\lib\glm</Filter>
    </ClInclude>
    <ClInclude Include="third_part\include\glm\mat4x2.hpp">
      <Filter>src\lib\glm</Filter>
    </ClInclude>
    <ClInclude Include="third_part\include\glm\mat4x3.hpp">
      <Filter>src\lib\glm</Filter>
    </ClInclude>
    <ClInclude Include="third_part\include\glm\mat4x4.hpp">
      <Filter>src\lib\glm</Filter>
    </ClInclude>
    <ClInclude Include="third_part\include\glm\matrix.hpp">
      <Filter>src\lib\glm</Filter>
    </ClInclude>
    <ClInclude Include="third_part\include\glm\packing.hpp">
      <Filter>src\lib\glm</Filter>
    </ClInclude>
    <ClInclude Include="third_part\include\glm\simd\common.h">
      <Filter>src\lib\glm</Filter>
    </ClInclude>
    <ClInclude Include="third_part\include\glm\simd\exponential.h">
      <Filter>src\lib\glm</Filter>
    </ClInclude>
    <ClInclude Include="third_part\include\glm\simd\geometric.h">
      <Filter>src\lib\glm</Filter>
    </ClInclude>
    <ClInclude Include="third_part\include\glm\simd\integer.h">
      <Filter>src\lib\glm</Filter>
    </ClInclude>
    <ClInclude Include="third_part\include\glm\simd\matrix.h">
      <Filter>src\lib\glm</Filter>
    </ClInclude>
    <ClInclude Include="third_part\include\glm\simd\packing.h">
      <Filter>src\lib\glm</Filter>
    </ClInclude>
    <ClInclude Include="third_part\include\glm\simd\platform.h">
      <Filter>src\lib\glm</Filter>
    </ClInclude>
    <ClInclude Include="third_part\include\glm\simd\trigonometric.h">
      <Filter>src\lib\glm</Filter>
    </ClInclude>
    <ClInclude Include="third_part\include\glm\simd\vector_relational.h">
      <Filter>src\lib\glm</Filter>
    </ClInclude>
    <ClInclude Include="third_part\include\glm\trigonometric.hpp">
      <Filter>src\lib\glm</Filter>
    </ClInclude>
    <ClInclude Include="third_part\include\glm\vec2.hpp">
      <Filter>src\lib\glm</Filter>
    </ClInclude>
    <ClInclude Include="third_part\include\glm\vec3.hpp">
      <Filter>src\lib\glm</Filter>
    </ClInclude>
    <ClInclude Include="third_part\include\glm\vec4.hpp">
      <Filter>src\lib\glm</Filter>
    </ClInclude>
    <ClInclude Include="third_part\include\glm\vector_relational.hpp">
      <Filter>src\lib\glm</Filter>
    </ClInclude>
    <ClInclude Include="third_part\include\stb_image.h">
      <Filter>src\lib</Filter>
    </ClInclude>
    <ClInclude Include="commons\MathType.h">
      <Filter>src\common</Filter>
    </ClInclude>
    <ClInclude Include="commons\Debug.h">
      <Filter>src\common</Filter>
    </ClInclude>
    <ClInclude Include="commons\Camera.h">
      <Filter>src\common</Filter>
    </ClInclude>
    <ClInclude Include="commons\Mesh.h">
      <Filter>src\common</Filter>
    </ClInclude>
    <ClInclude Include="commons\Node.h">
      <Filter>src\common</Filter>
    </ClInclude>
    <ClInclude Include="third_part\include\assimp\ai_assert.h">
      <Filter>src\lib\assimp</Filter>
    </ClInclude>
    <ClInclude Include="third_part\include\assimp\anim.h">
      <Filter>src\lib\assimp</Filter>
    </ClInclude>
    <ClInclude Include="third_part\include\assimp\camera.h">
      <Filter>src\lib\assimp</Filter>
    </ClInclude>
    <ClInclude Include="third_part\include\assimp\cexport.h">
      <Filter>src\lib\assimp</Filter>
    </ClInclude>
    <ClInclude Include="third_part\include\assimp\cfileio.h">
      <Filter>src\lib\assimp</Filter>
    </ClInclude>
    <ClInclude Include="third_part\include\assimp\cimport.h">
      <Filter>src\lib\assimp</Filter>
    </ClInclude>
    <ClInclude Include="third_part\include\assimp\color4.h">
      <Filter>src\lib\assimp</Filter>
    </ClInclude>
    <ClInclude Include="third_part\include\assimp\Compiler\poppack1.h">
      <Filter>src\lib\assimp</Filter>
    </ClInclude>
    <ClInclude Include="third_part\include\assimp\Compiler\pstdint.h">
      <Filter>src\lib\assimp</Filter>
    </ClInclude>
    <ClInclude Include="third_part\include\assimp\Compiler\pushpack1.h">
      <Filter>src\lib\assimp</Filter>
    </ClInclude>
    <ClInclude Include="third_part\include\assimp\DefaultIOStream.h">
      <Filter>src\lib\assimp</Filter>
    </ClInclude>
    <ClInclude Include="third_part\include\assimp\DefaultIOSystem.h">
      <Filter>src\lib\assimp</Filter>
    </ClInclude>
    <ClInclude Include="third_part\include\assimp\DefaultLogger.hpp">
      <Filter>src\lib\assimp</Filter>
    </ClInclude>
    <ClInclude Include="third_part\include\assimp\Defines.h">
      <Filter>src\lib\assimp</Filter>
    </ClInclude>
    <ClInclude Include="third_part\include\assimp\defs.h">
      <Filter>src\lib\assimp</Filter>
    </ClInclude>
    <ClInclude Include="third_part\include\assimp\Exporter.hpp">
      <Filter>src\lib\assimp</Filter>
    </ClInclude>
    <ClInclude Include="third_part\include\assimp\Importer.hpp">
      <Filter>src\lib\assimp</Filter>
    </ClInclude>
    <ClInclude Include="third_part\include\assimp\importerdesc.h">
      <Filter>src\lib\assimp</Filter>
    </ClInclude>
    <ClInclude Include="third_part\include\assimp\IOStream.hpp">
      <Filter>src\lib\assimp</Filter>
    </ClInclude>
    <ClInclude Include="third_part\include\assimp\IOSystem.hpp">
      <Filter>src\lib\assimp</Filter>
    </ClInclude>
    <ClInclude Include="third_part\include\assimp\light.h">
      <Filter>src\lib\assimp</Filter>
    </ClInclude>
    <ClInclude Include="third_part\include\assimp\Logger.hpp">
      <Filter>src\lib\assimp</Filter>
    </ClInclude>
    <ClInclude Include="third_part\include\assimp\LogStream.hpp">
      <Filter>src\lib\assimp</Filter>
    </ClInclude>
    <ClInclude Include="third_part\include\assimp\material.h">
      <Filter>src\lib\assimp</Filter>
    </ClInclude>
    <ClInclude Include="third_part\include\assimp\matrix3x3.h">
      <Filter>src\lib\assimp</Filter>
    </ClInclude>
    <ClInclude Include="third_part\include\assimp\matrix4x4.h">
      <Filter>src\lib\assimp</Filter>
    </ClInclude>
    <ClInclude Include="third_part\include\assimp\mesh.h">
      <Filter>src\lib\assimp</Filter>
    </ClInclude>
    <ClInclude Include="third_part\include\assimp\metadata.h">
      <Filter>src\lib\assimp</Filter>
    </ClInclude>
    <ClInclude Include="third_part\include\assimp\NullLogger.hpp">
      <Filter>src\lib\assimp</Filter>
    </ClInclude>
    <ClInclude Include="third_part\include\assimp\port\AndroidJNI\AndroidJNIIOSystem.h">
      <Filter>src\lib\assimp</Filter>
    </ClInclude>
    <ClInclude Include="third_part\include\assimp\postprocess.h">
      <Filter>src\lib\assimp</Filter>
    </ClInclude>
    <ClInclude Include="third_part\include\assimp\ProgressHandler.hpp">
      <Filter>src\lib\assimp</Filter>
    </ClInclude>
    <ClInclude Include="third_part\include\assimp\quaternion.h">
      <Filter>src\lib\assimp</Filter>
    </ClInclude>
    <ClInclude Include="third_part\include\assimp\scene.h">
      <Filter>src\lib\assimp</Filter>
    </ClInclude>
    <ClInclude Include="third_part\include\assimp\SceneCombiner.h">
      <Filter>src\lib\assimp</Filter>
    </ClInclude>
    <ClInclude Include="third_part\include\assimp\texture.h">
      <Filter>src\lib\assimp</Filter>
    </ClInclude>
    <ClInclude Include="third_part\include\assimp\types.h">
      <Filter>src\lib\assimp</Filter>
    </ClInclude>
    <ClInclude Include="third_part\include\assimp\vector2.h">
      <Filter>src\lib\assimp</Filter>
    </ClInclude>
    <ClInclude Include="third_part\include\assimp\vector3.h">
      <Filter>src\lib\assimp</Filter>
    </ClInclude>
    <ClInclude Include="third_part\include\assimp\version.h">
      <Filter>src\lib\assimp</Filter>
    </ClInclude>
    <ClInclude Include="commons\Model.h">
      <Filter>src\common</Filter>
    </ClInclude>
    <ClInclude Include="third_part\include\assimp\config.h">
      <Filter>src\lib\assimp</Filter>
    </ClInclude>
    <ClInclude Include="commons\PrimitiveModel.h">
      <Filter>src\common</Filter>
    </ClInclude>
  </ItemGroup>
  <ItemGroup>
    <Image Include="resources\texture\container.jpg">
      <Filter>resources\texture</Filter>
    </Image>
    <Image Include="resources\texture\brick.jpg">
      <Filter>resources\texture</Filter>
    </Image>
    <Image Include="resources\texture\huaji.jpg">
      <Filter>resources\texture</Filter>
    </Image>
  </ItemGroup>
</Project>